
Microsoft Visual Studio Solution File, Format Version 12.00
# Visual Studio Version 16
VisualStudioVersion = 16.0.29806.167
MinimumVisualStudioVersion = 10.0.40219.1
Project("{FAE04EC0-301F-11D3-BF4B-00C04F79EFBC}") = "UmbracoAmbience.Web", "UmbracoAmbience.Web\UmbracoAmbience.Web.csproj", "{4EB291A9-A414-4FB5-855D-49AB518440AE}"
EndProject
Global
	GlobalSection(SolutionConfigurationPlatforms) = preSolution
		Debug|Any CPU = Debug|Any CPU
		Release|Any CPU = Release|Any CPU
	EndGlobalSection
	GlobalSection(ProjectConfigurationPlatforms) = postSolution
		{4EB291A9-A414-4FB5-855D-49AB518440AE}.Debug|Any CPU.ActiveCfg = Debug|Any CPU
		{4EB291A9-A414-4FB5-855D-49AB518440AE}.Debug|Any CPU.Build.0 = Debug|Any CPU
		{4EB291A9-A414-4FB5-855D-49AB518440AE}.Release|Any CPU.ActiveCfg = Release|Any CPU
		{4EB291A9-A414-4FB5-855D-49AB518440AE}.Release|Any CPU.Build.0 = Release|Any CPU
	EndGlobalSection
	GlobalSection(SolutionProperties) = preSolution
		HideSolutionNode = FALSE
	EndGlobalSection
	GlobalSection(ExtensibilityGlobals) = postSolution
		SolutionGuid = {AE2C705D-27CC-4C34-8B2D-154FE0AF2516}
	EndGlobalSection
EndGlobal
